
Microsoft Visual Studio Solution File, Format Version 12.00
# Visual Studio Version 16
VisualStudioVersion = 16.0.30114.105
MinimumVisualStudioVersion = 10.0.40219.1
Project("{FAE04EC0-301F-11D3-BF4B-00C04F79EFBC}") = "LaunchDarkly.OpenFeature.ServerProvider", "src\LaunchDarkly.OpenFeature.ServerProvider\LaunchDarkly.OpenFeature.ServerProvider.csproj", "{B61EC563-2D25-47C8-86A4-0C3A8C625109}"
EndProject
Project("{FAE04EC0-301F-11D3-BF4B-00C04F79EFBC}") = "LaunchDarkly.OpenFeature.ServerProvider.Tests", "test\LaunchDarkly.OpenFeature.ServerProvider.Tests\LaunchDarkly.OpenFeature.ServerProvider.Tests.csproj", "{A1B1DB34-6B22-4AA4-9974-6EE67145BDB9}"
EndProject
Global
	GlobalSection(SolutionConfigurationPlatforms) = preSolution
		Debug|Any CPU = Debug|Any CPU
		Release|Any CPU = Release|Any CPU
	EndGlobalSection
	GlobalSection(SolutionProperties) = preSolution
		HideSolutionNode = FALSE
	EndGlobalSection
	GlobalSection(ProjectConfigurationPlatforms) = postSolution
		{B61EC563-2D25-47C8-86A4-0C3A8C625109}.Debug|Any CPU.ActiveCfg = Debug|Any CPU
		{B61EC563-2D25-47C8-86A4-0C3A8C625109}.Debug|Any CPU.Build.0 = Debug|Any CPU
		{B61EC563-2D25-47C8-86A4-0C3A8C625109}.Release|Any CPU.ActiveCfg = Release|Any CPU
		{B61EC563-2D25-47C8-86A4-0C3A8C625109}.Release|Any CPU.Build.0 = Release|Any CPU
		{E8CE160B-0A65-480F-AA3F-028AD9F17F6E}.Debug|Any CPU.ActiveCfg = Debug|Any CPU
		{E8CE160B-0A65-480F-AA3F-028AD9F17F6E}.Debug|Any CPU.Build.0 = Debug|Any CPU
		{E8CE160B-0A65-480F-AA3F-028AD9F17F6E}.Release|Any CPU.ActiveCfg = Release|Any CPU
		{E8CE160B-0A65-480F-AA3F-028AD9F17F6E}.Release|Any CPU.Build.0 = Release|Any CPU
		{A1B1DB34-6B22-4AA4-9974-6EE67145BDB9}.Debug|Any CPU.ActiveCfg = Debug|Any CPU
		{A1B1DB34-6B22-4AA4-9974-6EE67145BDB9}.Debug|Any CPU.Build.0 = Debug|Any CPU
		{A1B1DB34-6B22-4AA4-9974-6EE67145BDB9}.Release|Any CPU.ActiveCfg = Release|Any CPU
		{A1B1DB34-6B22-4AA4-9974-6EE67145BDB9}.Release|Any CPU.Build.0 = Release|Any CPU
	EndGlobalSection
EndGlobal
